
Microsoft Visual Studio Solution File, Format Version 12.00
# Visual Studio Version 17
VisualStudioVersion = 17.2.32516.85
MinimumVisualStudioVersion = 10.0.40219.1
Project("{8BC9CEB8-8B4A-11D0-8D11-00A0C91BC942}") = "Busca em Arquivos", "Busca em Arquivos.vcxproj", "{4E9E27B0-DAE1-4051-A379-52933F45A223}"
EndProject
Global
	GlobalSection(SolutionConfigurationPlatforms) = preSolution
		Debug|x64 = Debug|x64
		Debug|x86 = Debug|x86
		Release|x64 = Release|x64
		Release|x86 = Release|x86
	EndGlobalSection
	GlobalSection(ProjectConfigurationPlatforms) = postSolution
		{4E9E27B0-DAE1-4051-A379-52933F45A223}.Debug|x64.ActiveCfg = Debug|x64
		{4E9E27B0-DAE1-4051-A379-52933F45A223}.Debug|x64.Build.0 = Debug|x64
		{4E9E27B0-DAE1-4051-A379-52933F45A223}.Debug|x86.ActiveCfg = Debug|Win32
		{4E9E27B0-DAE1-4051-A379-52933F45A223}.Debug|x86.Build.0 = Debug|Win32
		{4E9E27B0-DAE1-4051-A379-52933F45A223}.Release|x64.ActiveCfg = Release|x64
		{4E9E27B0-DAE1-4051-A379-52933F45A223}.Release|x64.Build.0 = Release|x64
		{4E9E27B0-DAE1-4051-A379-52933F45A223}.Release|x86.ActiveCfg = Release|Win32
		{4E9E27B0-DAE1-4051-A379-52933F45A223}.Release|x86.Build.0 = Release|Win32
	EndGlobalSection
	GlobalSection(SolutionProperties) = preSolution
		HideSolutionNode = FALSE
	EndGlobalSection
	GlobalSection(ExtensibilityGlobals) = postSolution
		SolutionGuid = {FDDAACC5-5955-498D-8F9E-C7D7C2713D03}
	EndGlobalSection
EndGlobal
